
Microsoft Visual Studio Solution File, Format Version 12.00
# Visual Studio Version 17
VisualStudioVersion = 17.0.31903.59
MinimumVisualStudioVersion = 10.0.40219.1
Project("{2150E333-8FDC-42A3-9474-1A3956D46DE8}") = "src", "src", "{827E0CD3-B72D-47B6-A68D-7590B98EB39B}"
EndProject
Project("{FAE04EC0-301F-11D3-BF4B-00C04F79EFBC}") = "Api", "src\Api\Api.csproj", "{47D0E3EF-DF35-4D7D-B08A-173DFD9C1E13}"
EndProject
Project("{FAE04EC0-301F-11D3-BF4B-00C04F79EFBC}") = "Application", "src\Application\Application.csproj", "{72858CCD-0888-40FC-AD1D-70FF6F17A941}"
EndProject
Project("{FAE04EC0-301F-11D3-BF4B-00C04F79EFBC}") = "Domain", "src\Domain\Domain.csproj", "{481A190B-CFCA-4DC3-9B6A-FE2F819F877E}"
EndProject
Project("{FAE04EC0-301F-11D3-BF4B-00C04F79EFBC}") = "Infrastructure", "src\Infrastructure\Infrastructure.csproj", "{8A91AA61-3BFF-4E08-91FE-C53BDBCCA572}"
EndProject
Global
	GlobalSection(SolutionConfigurationPlatforms) = preSolution
		Debug|Any CPU = Debug|Any CPU
		Debug|x64 = Debug|x64
		Debug|x86 = Debug|x86
		Release|Any CPU = Release|Any CPU
		Release|x64 = Release|x64
		Release|x86 = Release|x86
	EndGlobalSection
	GlobalSection(ProjectConfigurationPlatforms) = postSolution
		{47D0E3EF-DF35-4D7D-B08A-173DFD9C1E13}.Debug|Any CPU.ActiveCfg = Debug|Any CPU
		{47D0E3EF-DF35-4D7D-B08A-173DFD9C1E13}.Debug|Any CPU.Build.0 = Debug|Any CPU
		{47D0E3EF-DF35-4D7D-B08A-173DFD9C1E13}.Debug|x64.ActiveCfg = Debug|Any CPU
		{47D0E3EF-DF35-4D7D-B08A-173DFD9C1E13}.Debug|x64.Build.0 = Debug|Any CPU
		{47D0E3EF-DF35-4D7D-B08A-173DFD9C1E13}.Debug|x86.ActiveCfg = Debug|Any CPU
		{47D0E3EF-DF35-4D7D-B08A-173DFD9C1E13}.Debug|x86.Build.0 = Debug|Any CPU
		{47D0E3EF-DF35-4D7D-B08A-173DFD9C1E13}.Release|Any CPU.ActiveCfg = Release|Any CPU
		{47D0E3EF-DF35-4D7D-B08A-173DFD9C1E13}.Release|Any CPU.Build.0 = Release|Any CPU
		{47D0E3EF-DF35-4D7D-B08A-173DFD9C1E13}.Release|x64.ActiveCfg = Release|Any CPU
		{47D0E3EF-DF35-4D7D-B08A-173DFD9C1E13}.Release|x64.Build.0 = Release|Any CPU
		{47D0E3EF-DF35-4D7D-B08A-173DFD9C1E13}.Release|x86.ActiveCfg = Release|Any CPU
		{47D0E3EF-DF35-4D7D-B08A-173DFD9C1E13}.Release|x86.Build.0 = Release|Any CPU
		{72858CCD-0888-40FC-AD1D-70FF6F17A941}.Debug|Any CPU.ActiveCfg = Debug|Any CPU
		{72858CCD-0888-40FC-AD1D-70FF6F17A941}.Debug|Any CPU.Build.0 = Debug|Any CPU
		{72858CCD-0888-40FC-AD1D-70FF6F17A941}.Debug|x64.ActiveCfg = Debug|Any CPU
		{72858CCD-0888-40FC-AD1D-70FF6F17A941}.Debug|x64.Build.0 = Debug|Any CPU
		{72858CCD-0888-40FC-AD1D-70FF6F17A941}.Debug|x86.ActiveCfg = Debug|Any CPU
		{72858CCD-0888-40FC-AD1D-70FF6F17A941}.Debug|x86.Build.0 = Debug|Any CPU
		{72858CCD-0888-40FC-AD1D-70FF6F17A941}.Release|Any CPU.ActiveCfg = Release|Any CPU
		{72858CCD-0888-40FC-AD1D-70FF6F17A941}.Release|Any CPU.Build.0 = Release|Any CPU
		{72858CCD-0888-40FC-AD1D-70FF6F17A941}.Release|x64.ActiveCfg = Release|Any CPU
		{72858CCD-0888-40FC-AD1D-70FF6F17A941}.Release|x64.Build.0 = Release|Any CPU
		{72858CCD-0888-40FC-AD1D-70FF6F17A941}.Release|x86.ActiveCfg = Release|Any CPU
		{72858CCD-0888-40FC-AD1D-70FF6F17A941}.Release|x86.Build.0 = Release|Any CPU
		{481A190B-CFCA-4DC3-9B6A-FE2F819F877E}.Debug|Any CPU.ActiveCfg = Debug|Any CPU
		{481A190B-CFCA-4DC3-9B6A-FE2F819F877E}.Debug|Any CPU.Build.0 = Debug|Any CPU
		{481A190B-CFCA-4DC3-9B6A-FE2F819F877E}.Debug|x64.ActiveCfg = Debug|Any CPU
		{481A190B-CFCA-4DC3-9B6A-FE2F819F877E}.Debug|x64.Build.0 = Debug|Any CPU
		{481A190B-CFCA-4DC3-9B6A-FE2F819F877E}.Debug|x86.ActiveCfg = Debug|Any CPU
		{481A190B-CFCA-4DC3-9B6A-FE2F819F877E}.Debug|x86.Build.0 = Debug|Any CPU
		{481A190B-CFCA-4DC3-9B6A-FE2F819F877E}.Release|Any CPU.ActiveCfg = Release|Any CPU
		{481A190B-CFCA-4DC3-9B6A-FE2F819F877E}.Release|Any CPU.Build.0 = Release|Any CPU
		{481A190B-CFCA-4DC3-9B6A-FE2F819F877E}.Release|x64.ActiveCfg = Release|Any CPU
		{481A190B-CFCA-4DC3-9B6A-FE2F819F877E}.Release|x64.Build.0 = Release|Any CPU
		{481A190B-CFCA-4DC3-9B6A-FE2F819F877E}.Release|x86.ActiveCfg = Release|Any CPU
		{481A190B-CFCA-4DC3-9B6A-FE2F819F877E}.Release|x86.Build.0 = Release|Any CPU
		{8A91AA61-3BFF-4E08-91FE-C53BDBCCA572}.Debug|Any CPU.ActiveCfg = Debug|Any CPU
		{8A91AA61-3BFF-4E08-91FE-C53BDBCCA572}.Debug|Any CPU.Build.0 = Debug|Any CPU
		{8A91AA61-3BFF-4E08-91FE-C53BDBCCA572}.Debug|x64.ActiveCfg = Debug|Any CPU
		{8A91AA61-3BFF-4E08-91FE-C53BDBCCA572}.Debug|x64.Build.0 = Debug|Any CPU
		{8A91AA61-3BFF-4E08-91FE-C53BDBCCA572}.Debug|x86.ActiveCfg = Debug|Any CPU
		{8A91AA61-3BFF-4E08-91FE-C53BDBCCA572}.Debug|x86.Build.0 = Debug|Any CPU
		{8A91AA61-3BFF-4E08-91FE-C53BDBCCA572}.Release|Any CPU.ActiveCfg = Release|Any CPU
		{8A91AA61-3BFF-4E08-91FE-C53BDBCCA572}.Release|Any CPU.Build.0 = Release|Any CPU
		{8A91AA61-3BFF-4E08-91FE-C53BDBCCA572}.Release|x64.ActiveCfg = Release|Any CPU
		{8A91AA61-3BFF-4E08-91FE-C53BDBCCA572}.Release|x64.Build.0 = Release|Any CPU
		{8A91AA61-3BFF-4E08-91FE-C53BDBCCA572}.Release|x86.ActiveCfg = Release|Any CPU
		{8A91AA61-3BFF-4E08-91FE-C53BDBCCA572}.Release|x86.Build.0 = Release|Any CPU
	EndGlobalSection
	GlobalSection(SolutionProperties) = preSolution
		HideSolutionNode = FALSE
	EndGlobalSection
	GlobalSection(NestedProjects) = preSolution
		{47D0E3EF-DF35-4D7D-B08A-173DFD9C1E13} = {827E0CD3-B72D-47B6-A68D-7590B98EB39B}
		{72858CCD-0888-40FC-AD1D-70FF6F17A941} = {827E0CD3-B72D-47B6-A68D-7590B98EB39B}
		{481A190B-CFCA-4DC3-9B6A-FE2F819F877E} = {827E0CD3-B72D-47B6-A68D-7590B98EB39B}
		{8A91AA61-3BFF-4E08-91FE-C53BDBCCA572} = {827E0CD3-B72D-47B6-A68D-7590B98EB39B}
	EndGlobalSection
EndGlobal
